// !$*UTF8*$!
{
	archiveVersion = 1;
	classes = {
	};
	objectVersion = 52;
	objects = {

/* Begin PBXBuildFile section */
		5207931D23E21C98006A1DFD /* PodcastCell.xib in Resources */ = {isa = PBXBuildFile; fileRef = 5207931C23E21C98006A1DFD /* PodcastCell.xib */; };
		5207931F23E21CBD006A1DFD /* PodcastCell.swift in Sources */ = {isa = PBXBuildFile; fileRef = 5207931E23E21CBD006A1DFD /* PodcastCell.swift */; };
		5737C66623E1EBC300D9662D /* PodcastView.swift in Sources */ = {isa = PBXBuildFile; fileRef = 5737C66523E1EBC300D9662D /* PodcastView.swift */; };
		5737C66823E1ECA200D9662D /* PodcastAPIClient.swift in Sources */ = {isa = PBXBuildFile; fileRef = 5737C66723E1ECA200D9662D /* PodcastAPIClient.swift */; };
		5737C66A23E1ECEE00D9662D /* Podcast.swift in Sources */ = {isa = PBXBuildFile; fileRef = 5737C66923E1ECEE00D9662D /* Podcast.swift */; };
		5737C66D23E1EE2F00D9662D /* ImageKit in Frameworks */ = {isa = PBXBuildFile; productRef = 5737C66C23E1EE2F00D9662D /* ImageKit */; };
		576B556723E1E16700AA2253 /* AppDelegate.swift in Sources */ = {isa = PBXBuildFile; fileRef = 576B556623E1E16700AA2253 /* AppDelegate.swift */; };
		576B556923E1E16700AA2253 /* SceneDelegate.swift in Sources */ = {isa = PBXBuildFile; fileRef = 576B556823E1E16700AA2253 /* SceneDelegate.swift */; };
		576B556B23E1E16700AA2253 /* PodcastViewController.swift in Sources */ = {isa = PBXBuildFile; fileRef = 576B556A23E1E16700AA2253 /* PodcastViewController.swift */; };
		576B557023E1E16800AA2253 /* Assets.xcassets in Resources */ = {isa = PBXBuildFile; fileRef = 576B556F23E1E16800AA2253 /* Assets.xcassets */; };
		576B557323E1E16800AA2253 /* LaunchScreen.storyboard in Resources */ = {isa = PBXBuildFile; fileRef = 576B557123E1E16800AA2253 /* LaunchScreen.storyboard */; };
/* End PBXBuildFile section */

/* Begin PBXFileReference section */
		5207931C23E21C98006A1DFD /* PodcastCell.xib */ = {isa = PBXFileReference; lastKnownFileType = file.xib; path = PodcastCell.xib; sourceTree = "<group>"; };
		5207931E23E21CBD006A1DFD /* PodcastCell.swift */ = {isa = PBXFileReference; lastKnownFileType = sourcecode.swift; path = PodcastCell.swift; sourceTree = "<group>"; };
		5737C66523E1EBC300D9662D /* PodcastView.swift */ = {isa = PBXFileReference; lastKnownFileType = sourcecode.swift; path = PodcastView.swift; sourceTree = "<group>"; };
		5737C66723E1ECA200D9662D /* PodcastAPIClient.swift */ = {isa = PBXFileReference; lastKnownFileType = sourcecode.swift; path = PodcastAPIClient.swift; sourceTree = "<group>"; };
		5737C66923E1ECEE00D9662D /* Podcast.swift */ = {isa = PBXFileReference; lastKnownFileType = sourcecode.swift; path = Podcast.swift; sourceTree = "<group>"; };
		576B556323E1E16700AA2253 /* Programmatic-UI-Xibs-Storyboards.app */ = {isa = PBXFileReference; explicitFileType = wrapper.application; includeInIndex = 0; path = "Programmatic-UI-Xibs-Storyboards.app"; sourceTree = BUILT_PRODUCTS_DIR; };
		576B556623E1E16700AA2253 /* AppDelegate.swift */ = {isa = PBXFileReference; lastKnownFileType = sourcecode.swift; path = AppDelegate.swift; sourceTree = "<group>"; };
		576B556823E1E16700AA2253 /* SceneDelegate.swift */ = {isa = PBXFileReference; lastKnownFileType = sourcecode.swift; path = SceneDelegate.swift; sourceTree = "<group>"; };
		576B556A23E1E16700AA2253 /* PodcastViewController.swift */ = {isa = PBXFileReference; lastKnownFileType = sourcecode.swift; path = PodcastViewController.swift; sourceTree = "<group>"; };
		576B556F23E1E16800AA2253 /* Assets.xcassets */ = {isa = PBXFileReference; lastKnownFileType = folder.assetcatalog; path = Assets.xcassets; sourceTree = "<group>"; };
		576B557223E1E16800AA2253 /* Base */ = {isa = PBXFileReference; lastKnownFileType = file.storyboard; name = Base; path = Base.lproj/LaunchScreen.storyboard; sourceTree = "<group>"; };
		576B557423E1E16800AA2253 /* Info.plist */ = {isa = PBXFileReference; lastKnownFileType = text.plist.xml; path = Info.plist; sourceTree = "<group>"; };
/* End PBXFileReference section */

/* Begin PBXFrameworksBuildPhase section */
		576B556023E1E16700AA2253 /* Frameworks */ = {
			isa = PBXFrameworksBuildPhase;
			buildActionMask = 2147483647;
			files = (
				5737C66D23E1EE2F00D9662D /* ImageKit in Frameworks */,
			);
			runOnlyForDeploymentPostprocessing = 0;
		};
/* End PBXFrameworksBuildPhase section */

/* Begin PBXGroup section */
		576B555A23E1E16700AA2253 = {
			isa = PBXGroup;
			children = (
				576B556523E1E16700AA2253 /* Programmatic-UI-Xibs-Storyboards */,
				576B556423E1E16700AA2253 /* Products */,
			);
			sourceTree = "<group>";
		};
		576B556423E1E16700AA2253 /* Products */ = {
			isa = PBXGroup;
			children = (
				576B556323E1E16700AA2253 /* Programmatic-UI-Xibs-Storyboards.app */,
			);
			name = Products;
			sourceTree = "<group>";
		};
		576B556523E1E16700AA2253 /* Programmatic-UI-Xibs-Storyboards */ = {
			isa = PBXGroup;
			children = (
				576B556623E1E16700AA2253 /* AppDelegate.swift */,
				576B556823E1E16700AA2253 /* SceneDelegate.swift */,
				5737C66723E1ECA200D9662D /* PodcastAPIClient.swift */,
				5737C66923E1ECEE00D9662D /* Podcast.swift */,
				5737C66523E1EBC300D9662D /* PodcastView.swift */,
				576B556A23E1E16700AA2253 /* PodcastViewController.swift */,
				5207931E23E21CBD006A1DFD /* PodcastCell.swift */,
				5207931C23E21C98006A1DFD /* PodcastCell.xib */,
				576B556F23E1E16800AA2253 /* Assets.xcassets */,
				576B557123E1E16800AA2253 /* LaunchScreen.storyboard */,
				576B557423E1E16800AA2253 /* Info.plist */,
			);
			path = "Programmatic-UI-Xibs-Storyboards";
			sourceTree = "<group>";
		};
/* End PBXGroup section */

/* Begin PBXNativeTarget section */
		576B556223E1E16700AA2253 /* Programmatic-UI-Xibs-Storyboards */ = {
			isa = PBXNativeTarget;
			buildConfigurationList = 576B557723E1E16800AA2253 /* Build configuration list for PBXNativeTarget "Programmatic-UI-Xibs-Storyboards" */;
			buildPhases = (
				576B555F23E1E16700AA2253 /* Sources */,
				576B556023E1E16700AA2253 /* Frameworks */,
				576B556123E1E16700AA2253 /* Resources */,
			);
			buildRules = (
			);
			dependencies = (
			);
			name = "Programmatic-UI-Xibs-Storyboards";
			packageProductDependencies = (
				5737C66C23E1EE2F00D9662D /* ImageKit */,
			);
			productName = "Programmatic-UI-Xibs-Storyboards";
			productReference = 576B556323E1E16700AA2253 /* Programmatic-UI-Xibs-Storyboards.app */;
			productType = "com.apple.product-type.application";
		};
/* End PBXNativeTarget section */

/* Begin PBXProject section */
		576B555B23E1E16700AA2253 /* Project object */ = {
			isa = PBXProject;
			attributes = {
				LastSwiftUpdateCheck = 1130;
				LastUpgradeCheck = 1130;
				ORGANIZATIONNAME = "Alex Paul";
				TargetAttributes = {
					576B556223E1E16700AA2253 = {
						CreatedOnToolsVersion = 11.3;
					};
				};
			};
			buildConfigurationList = 576B555E23E1E16700AA2253 /* Build configuration list for PBXProject "Programmatic-UI-Xibs-Storyboards" */;
			compatibilityVersion = "Xcode 9.3";
			developmentRegion = en;
			hasScannedForEncodings = 0;
			knownRegions = (
				en,
				Base,
			);
			mainGroup = 576B555A23E1E16700AA2253;
			packageReferences = (
				5737C66B23E1EE2F00D9662D /* XCRemoteSwiftPackageReference "ImageKit" */,
			);
			productRefGroup = 576B556423E1E16700AA2253 /* Products */;
			projectDirPath = "";
			projectRoot = "";
			targets = (
				576B556223E1E16700AA2253 /* Programmatic-UI-Xibs-Storyboards */,
			);
		};
/* End PBXProject section */

/* Begin PBXResourcesBuildPhase section */
		576B556123E1E16700AA2253 /* Resources */ = {
			isa = PBXResourcesBuildPhase;
			buildActionMask = 2147483647;
			files = (
				576B557323E1E16800AA2253 /* LaunchScreen.storyboard in Resources */,
				576B557023E1E16800AA2253 /* Assets.xcassets in Resources */,
				5207931D23E21C98006A1DFD /* PodcastCell.xib in Resources */,
			);
			runOnlyForDeploymentPostprocessing = 0;
		};
/* End PBXResourcesBuildPhase section */

/* Begin PBXSourcesBuildPhase section */
		576B555F23E1E16700AA2253 /* Sources */ = {
			isa = PBXSourcesBuildPhase;
			buildActionMask = 2147483647;
			files = (
				576B556B23E1E16700AA2253 /* PodcastViewController.swift in Sources */,
				5737C66623E1EBC300D9662D /* PodcastView.swift in Sources */,
				5737C66A23E1ECEE00D9662D /* Podcast.swift in Sources */,
				576B556723E1E16700AA2253 /* AppDelegate.swift in Sources */,
				5737C66823E1ECA200D9662D /* PodcastAPIClient.swift in Sources */,
				576B556923E1E16700AA2253 /* SceneDelegate.swift in Sources */,
				5207931F23E21CBD006A1DFD /* PodcastCell.swift in Sources */,
			);
			runOnlyForDeploymentPostprocessing = 0;
		};
/* End PBXSourcesBuildPhase section */

/* Begin PBXVariantGroup section */
		576B557123E1E16800AA2253 /* LaunchScreen.storyboard */ = {
			isa = PBXVariantGroup;
			children = (
				576B557223E1E16800AA2253 /* Base */,
			);
			name = LaunchScreen.storyboard;
			sourceTree = "<group>";
		};
/* End PBXVariantGroup section */

/* Begin XCBuildConfiguration section */
		576B557523E1E16800AA2253 /* Debug */ = {
			isa = XCBuildConfiguration;
			buildSettings = {
				ALWAYS_SEARCH_USER_PATHS = NO;
				CLANG_ANALYZER_NONNULL = YES;
				CLANG_ANALYZER_NUMBER_OBJECT_CONVERSION = YES_AGGRESSIVE;
				CLANG_CXX_LANGUAGE_STANDARD = "gnu++14";
				CLANG_CXX_LIBRARY = "libc++";
				CLANG_ENABLE_MODULES = YES;
				CLANG_ENABLE_OBJC_ARC = YES;
				CLANG_ENABLE_OBJC_WEAK = YES;
				CLANG_WARN_BLOCK_CAPTURE_AUTORELEASING = YES;
				CLANG_WARN_BOOL_CONVERSION = YES;
				CLANG_WARN_COMMA = YES;
				CLANG_WARN_CONSTANT_CONVERSION = YES;
				CLANG_WARN_DEPRECATED_OBJC_IMPLEMENTATIONS = YES;
				CLANG_WARN_DIRECT_OBJC_ISA_USAGE = YES_ERROR;
				CLANG_WARN_DOCUMENTATION_COMMENTS = YES;
				CLANG_WARN_EMPTY_BODY = YES;
				CLANG_WARN_ENUM_CONVERSION = YES;
				CLANG_WARN_INFINITE_RECURSION = YES;
				CLANG_WARN_INT_CONVERSION = YES;
				CLANG_WARN_NON_LITERAL_NULL_CONVERSION = YES;
				CLANG_WARN_OBJC_IMPLICIT_RETAIN_SELF = YES;
				CLANG_WARN_OBJC_LITERAL_CONVERSION = YES;
				CLANG_WARN_OBJC_ROOT_CLASS = YES_ERROR;
				CLANG_WARN_RANGE_LOOP_ANALYSIS = YES;
				CLANG_WARN_STRICT_PROTOTYPES = YES;
				CLANG_WARN_SUSPICIOUS_MOVE = YES;
				CLANG_WARN_UNGUARDED_AVAILABILITY = YES_AGGRESSIVE;
				CLANG_WARN_UNREACHABLE_CODE = YES;
				CLANG_WARN__DUPLICATE_METHOD_MATCH = YES;
				COPY_PHASE_STRIP = NO;
				DEBUG_INFORMATION_FORMAT = dwarf;
				ENABLE_STRICT_OBJC_MSGSEND = YES;
				ENABLE_TESTABILITY = YES;
				GCC_C_LANGUAGE_STANDARD = gnu11;
				GCC_DYNAMIC_NO_PIC = NO;
				GCC_NO_COMMON_BLOCKS = YES;
				GCC_OPTIMIZATION_LEVEL = 0;
				GCC_PREPROCESSOR_DEFINITIONS = (
					"DEBUG=1",
					"$(inherited)",
				);
				GCC_WARN_64_TO_32_BIT_CONVERSION = YES;
				GCC_WARN_ABOUT_RETURN_TYPE = YES_ERROR;
				GCC_WARN_UNDECLARED_SELECTOR = YES;
				GCC_WARN_UNINITIALIZED_AUTOS = YES_AGGRESSIVE;
				GCC_WARN_UNUSED_FUNCTION = YES;
				GCC_WARN_UNUSED_VARIABLE = YES;
				IPHONEOS_DEPLOYMENT_TARGET = 13.2;
				MTL_ENABLE_DEBUG_INFO = INCLUDE_SOURCE;
				MTL_FAST_MATH = YES;
				ONLY_ACTIVE_ARCH = YES;
				SDKROOT = iphoneos;
				SWIFT_ACTIVE_COMPILATION_CONDITIONS = DEBUG;
				SWIFT_OPTIMIZATION_LEVEL = "-Onone";
			};
			name = Debug;
		};
		576B557623E1E16800AA2253 /* Release */ = {
			isa = XCBuildConfiguration;
			buildSettings = {
				ALWAYS_SEARCH_USER_PATHS = NO;
				CLANG_ANALYZER_NONNULL = YES;
				CLANG_ANALYZER_NUMBER_OBJECT_CONVERSION = YES_AGGRESSIVE;
				CLANG_CXX_LANGUAGE_STANDARD = "gnu++14";
				CLANG_CXX_LIBRARY = "libc++";
				CLANG_ENABLE_MODULES = YES;
				CLANG_ENABLE_OBJC_ARC = YES;
				CLANG_ENABLE_OBJC_WEAK = YES;
				CLANG_WARN_BLOCK_CAPTURE_AUTORELEASING = YES;
				CLANG_WARN_BOOL_CONVERSION = YES;
				CLANG_WARN_COMMA = YES;
				CLANG_WARN_CONSTANT_CONVERSION = YES;
				CLANG_WARN_DEPRECATED_OBJC_IMPLEMENTATIONS = YES;
				CLANG_WARN_DIRECT_OBJC_ISA_USAGE = YES_ERROR;
				CLANG_WARN_DOCUMENTATION_COMMENTS = YES;
				CLANG_WARN_EMPTY_BODY = YES;
				CLANG_WARN_ENUM_CONVERSION = YES;
				CLANG_WARN_INFINITE_RECURSION = YES;
				CLANG_WARN_INT_CONVERSION = YES;
				CLANG_WARN_NON_LITERAL_NULL_CONVERSION = YES;
				CLANG_WARN_OBJC_IMPLICIT_RETAIN_SELF = YES;
				CLANG_WARN_OBJC_LITERAL_CONVERSION = YES;
				CLANG_WARN_OBJC_ROOT_CLASS = YES_ERROR;
				CLANG_WARN_RANGE_LOOP_ANALYSIS = YES;
				CLANG_WARN_STRICT_PROTOTYPES = YES;
				CLANG_WARN_SUSPICIOUS_MOVE = YES;
				CLANG_WARN_UNGUARDED_AVAILABILITY = YES_AGGRESSIVE;
				CLANG_WARN_UNREACHABLE_CODE = YES;
				CLANG_WARN__DUPLICATE_METHOD_MATCH = YES;
				COPY_PHASE_STRIP = NO;
				DEBUG_INFORMATION_FORMAT = "dwarf-with-dsym";
				ENABLE_NS_ASSERTIONS = NO;
				ENABLE_STRICT_OBJC_MSGSEND = YES;
				GCC_C_LANGUAGE_STANDARD = gnu11;
				GCC_NO_COMMON_BLOCKS = YES;
				GCC_WARN_64_TO_32_BIT_CONVERSION = YES;
				GCC_WARN_ABOUT_RETURN_TYPE = YES_ERROR;
				GCC_WARN_UNDECLARED_SELECTOR = YES;
				GCC_WARN_UNINITIALIZED_AUTOS = YES_AGGRESSIVE;
				GCC_WARN_UNUSED_FUNCTION = YES;
				GCC_WARN_UNUSED_VARIABLE = YES;
				IPHONEOS_DEPLOYMENT_TARGET = 13.2;
				MTL_ENABLE_DEBUG_INFO = NO;
				MTL_FAST_MATH = YES;
				SDKROOT = iphoneos;
				SWIFT_COMPILATION_MODE = wholemodule;
				SWIFT_OPTIMIZATION_LEVEL = "-O";
				VALIDATE_PRODUCT = YES;
			};
			name = Release;
		};
		576B557823E1E16800AA2253 /* Debug */ = {
			isa = XCBuildConfiguration;
			buildSettings = {
				ASSETCATALOG_COMPILER_APPICON_NAME = AppIcon;
				CODE_SIGN_STYLE = Automatic;
				DEVELOPMENT_TEAM = 83DYP84L8W;
				INFOPLIST_FILE = "Programmatic-UI-Xibs-Storyboards/Info.plist";
				LD_RUNPATH_SEARCH_PATHS = (
					"$(inherited)",
					"@executable_path/Frameworks",
				);
				PRODUCT_BUNDLE_IDENTIFIER = "com.alexcpaul.Programmatic-UI-Xibs-Storyboards";
				PRODUCT_NAME = "$(TARGET_NAME)";
				SWIFT_VERSION = 5.0;
				TARGETED_DEVICE_FAMILY = "1,2";
			};
			name = Debug;
		};
		576B557923E1E16800AA2253 /* Release */ = {
			isa = XCBuildConfiguration;
			buildSettings = {
				ASSETCATALOG_COMPILER_APPICON_NAME = AppIcon;
				CODE_SIGN_STYLE = Automatic;
				DEVELOPMENT_TEAM = 83DYP84L8W;
				INFOPLIST_FILE = "Programmatic-UI-Xibs-Storyboards/Info.plist";
				LD_RUNPATH_SEARCH_PATHS = (
					"$(inherited)",
					"@executable_path/Frameworks",
				);
				PRODUCT_BUNDLE_IDENTIFIER = "com.alexcpaul.Programmatic-UI-Xibs-Storyboards";
				PRODUCT_NAME = "$(TARGET_NAME)";
				SWIFT_VERSION = 5.0;
				TARGETED_DEVICE_FAMILY = "1,2";
			};
			name = Release;
		};
/* End XCBuildConfiguration section */

/* Begin XCConfigurationList section */
		576B555E23E1E16700AA2253 /* Build configuration list for PBXProject "Programmatic-UI-Xibs-Storyboards" */ = {
			isa = XCConfigurationList;
			buildConfigurations = (
				576B557523E1E16800AA2253 /* Debug */,
				576B557623E1E16800AA2253 /* Release */,
			);
			defaultConfigurationIsVisible = 0;
			defaultConfigurationName = Release;
		};
		576B557723E1E16800AA2253 /* Build configuration list for PBXNativeTarget "Programmatic-UI-Xibs-Storyboards" */ = {
			isa = XCConfigurationList;
			buildConfigurations = (
				576B557823E1E16800AA2253 /* Debug */,
				576B557923E1E16800AA2253 /* Release */,
			);
			defaultConfigurationIsVisible = 0;
			defaultConfigurationName = Release;
		};
/* End XCConfigurationList section */

/* Begin XCRemoteSwiftPackageReference section */
		5737C66B23E1EE2F00D9662D /* XCRemoteSwiftPackageReference "ImageKit" */ = {
			isa = XCRemoteSwiftPackageReference;
			repositoryURL = "https://github.com/alexpaul/ImageKit";
			requirement = {
				kind = upToNextMajorVersion;
				minimumVersion = 1.0.4;
			};
		};
/* End XCRemoteSwiftPackageReference section */

/* Begin XCSwiftPackageProductDependency section */
		5737C66C23E1EE2F00D9662D /* ImageKit */ = {
			isa = XCSwiftPackageProductDependency;
			package = 5737C66B23E1EE2F00D9662D /* XCRemoteSwiftPackageReference "ImageKit" */;
			productName = ImageKit;
		};
/* End XCSwiftPackageProductDependency section */
	};
	rootObject = 576B555B23E1E16700AA2253 /* Project object */;
}
